
Microsoft Visual Studio Solution File, Format Version 12.00
# Visual Studio 2012
Project("{FAE04EC0-301F-11D3-BF4B-00C04F79EFBC}") = "App", "App\App.csproj", "{BACE2868-7B7A-4657-91C5-25CFBB0326C3}"
EndProject
Project("{FAE04EC0-301F-11D3-BF4B-00C04F79EFBC}") = "DAL", "DAL\DAL.csproj", "{C7104611-18FE-4AC2-AF0F-1F6199361117}"
EndProject
Project("{FAE04EC0-301F-11D3-BF4B-00C04F79EFBC}") = "BL", "BL\BL.csproj", "{CD0660B3-EA2D-4B95-BD16-62D262478249}"
EndProject
Project("{FAE04EC0-301F-11D3-BF4B-00C04F79EFBC}") = "Tester", "Tester\Tester.csproj", "{53E7E679-DB84-4901-805E-266301D8DB90}"
EndProject
Global
	GlobalSection(SolutionConfigurationPlatforms) = preSolution
		Debug|Any CPU = Debug|Any CPU
		Release|Any CPU = Release|Any CPU
	EndGlobalSection
	GlobalSection(ProjectConfigurationPlatforms) = postSolution
		{BACE2868-7B7A-4657-91C5-25CFBB0326C3}.Debug|Any CPU.ActiveCfg = Debug|Any CPU
		{BACE2868-7B7A-4657-91C5-25CFBB0326C3}.Debug|Any CPU.Build.0 = Debug|Any CPU
		{BACE2868-7B7A-4657-91C5-25CFBB0326C3}.Release|Any CPU.ActiveCfg = Release|Any CPU
		{BACE2868-7B7A-4657-91C5-25CFBB0326C3}.Release|Any CPU.Build.0 = Release|Any CPU
		{C7104611-18FE-4AC2-AF0F-1F6199361117}.Debug|Any CPU.ActiveCfg = Debug|Any CPU
		{C7104611-18FE-4AC2-AF0F-1F6199361117}.Debug|Any CPU.Build.0 = Debug|Any CPU
		{C7104611-18FE-4AC2-AF0F-1F6199361117}.Release|Any CPU.ActiveCfg = Release|Any CPU
		{C7104611-18FE-4AC2-AF0F-1F6199361117}.Release|Any CPU.Build.0 = Release|Any CPU
		{CD0660B3-EA2D-4B95-BD16-62D262478249}.Debug|Any CPU.ActiveCfg = Debug|Any CPU
		{CD0660B3-EA2D-4B95-BD16-62D262478249}.Debug|Any CPU.Build.0 = Debug|Any CPU
		{CD0660B3-EA2D-4B95-BD16-62D262478249}.Release|Any CPU.ActiveCfg = Release|Any CPU
		{CD0660B3-EA2D-4B95-BD16-62D262478249}.Release|Any CPU.Build.0 = Release|Any CPU
		{53E7E679-DB84-4901-805E-266301D8DB90}.Debug|Any CPU.ActiveCfg = Debug|Any CPU
		{53E7E679-DB84-4901-805E-266301D8DB90}.Debug|Any CPU.Build.0 = Debug|Any CPU
		{53E7E679-DB84-4901-805E-266301D8DB90}.Release|Any CPU.ActiveCfg = Release|Any CPU
		{53E7E679-DB84-4901-805E-266301D8DB90}.Release|Any CPU.Build.0 = Release|Any CPU
	EndGlobalSection
	GlobalSection(SolutionProperties) = preSolution
		HideSolutionNode = FALSE
	EndGlobalSection
EndGlobal
